
Microsoft Visual Studio Solution File, Format Version 12.00
# Visual Studio Version 17
VisualStudioVersion = 17.7.34024.191
MinimumVisualStudioVersion = 10.0.40219.1
Project("{9A19103F-16F7-4668-BE54-9A1E7A4F7556}") = "Infrastructure", "Infrastructure\Infrastructure.csproj", "{DB641641-C45C-4CB2-A1D2-B37435369BFF}"
EndProject
Project("{9A19103F-16F7-4668-BE54-9A1E7A4F7556}") = "Business", "Business\Business.csproj", "{6FCE7A97-791B-4105-92B7-0BD9D8CEE363}"
EndProject
Project("{9A19103F-16F7-4668-BE54-9A1E7A4F7556}") = "DataAccess", "DataAccess\DataAccess.csproj", "{B942507B-6B84-4089-B3DD-7C0587CBD84D}"
EndProject
Project("{FAE04EC0-301F-11D3-BF4B-00C04F79EFBC}") = "Models", "Models\Models.csproj", "{D3F643F6-D073-4CC8-9684-F3DD75604226}"
EndProject
Project("{FAE04EC0-301F-11D3-BF4B-00C04F79EFBC}") = "API", "API\API.csproj", "{4C554046-7C33-4A80-AF5C-30144D1531ED}"
EndProject
Global
	GlobalSection(SolutionConfigurationPlatforms) = preSolution
		Debug|Any CPU = Debug|Any CPU
		Release|Any CPU = Release|Any CPU
	EndGlobalSection
	GlobalSection(ProjectConfigurationPlatforms) = postSolution
		{DB641641-C45C-4CB2-A1D2-B37435369BFF}.Debug|Any CPU.ActiveCfg = Debug|Any CPU
		{DB641641-C45C-4CB2-A1D2-B37435369BFF}.Debug|Any CPU.Build.0 = Debug|Any CPU
		{DB641641-C45C-4CB2-A1D2-B37435369BFF}.Release|Any CPU.ActiveCfg = Release|Any CPU
		{DB641641-C45C-4CB2-A1D2-B37435369BFF}.Release|Any CPU.Build.0 = Release|Any CPU
		{6FCE7A97-791B-4105-92B7-0BD9D8CEE363}.Debug|Any CPU.ActiveCfg = Debug|Any CPU
		{6FCE7A97-791B-4105-92B7-0BD9D8CEE363}.Debug|Any CPU.Build.0 = Debug|Any CPU
		{6FCE7A97-791B-4105-92B7-0BD9D8CEE363}.Release|Any CPU.ActiveCfg = Release|Any CPU
		{6FCE7A97-791B-4105-92B7-0BD9D8CEE363}.Release|Any CPU.Build.0 = Release|Any CPU
		{B942507B-6B84-4089-B3DD-7C0587CBD84D}.Debug|Any CPU.ActiveCfg = Debug|Any CPU
		{B942507B-6B84-4089-B3DD-7C0587CBD84D}.Debug|Any CPU.Build.0 = Debug|Any CPU
		{B942507B-6B84-4089-B3DD-7C0587CBD84D}.Release|Any CPU.ActiveCfg = Release|Any CPU
		{B942507B-6B84-4089-B3DD-7C0587CBD84D}.Release|Any CPU.Build.0 = Release|Any CPU
		{D3F643F6-D073-4CC8-9684-F3DD75604226}.Debug|Any CPU.ActiveCfg = Debug|Any CPU
		{D3F643F6-D073-4CC8-9684-F3DD75604226}.Debug|Any CPU.Build.0 = Debug|Any CPU
		{D3F643F6-D073-4CC8-9684-F3DD75604226}.Release|Any CPU.ActiveCfg = Release|Any CPU
		{D3F643F6-D073-4CC8-9684-F3DD75604226}.Release|Any CPU.Build.0 = Release|Any CPU
		{4C554046-7C33-4A80-AF5C-30144D1531ED}.Debug|Any CPU.ActiveCfg = Debug|Any CPU
		{4C554046-7C33-4A80-AF5C-30144D1531ED}.Debug|Any CPU.Build.0 = Debug|Any CPU
		{4C554046-7C33-4A80-AF5C-30144D1531ED}.Release|Any CPU.ActiveCfg = Release|Any CPU
		{4C554046-7C33-4A80-AF5C-30144D1531ED}.Release|Any CPU.Build.0 = Release|Any CPU
	EndGlobalSection
	GlobalSection(SolutionProperties) = preSolution
		HideSolutionNode = FALSE
	EndGlobalSection
	GlobalSection(ExtensibilityGlobals) = postSolution
		SolutionGuid = {0AE8759C-8DC4-4BA8-929A-2D6270F2FD21}
	EndGlobalSection
EndGlobal
